// !$*UTF8*$!
{
	archiveVersion = 1;
	classes = {
	};
	objectVersion = 50;
	objects = {

/* Begin PBXBuildFile section */
		89A97AE124893A3800DDF070 /* AppDelegate.swift in Sources */ = {isa = PBXBuildFile; fileRef = 89A97AE024893A3800DDF070 /* AppDelegate.swift */; };
		89A97AE324893A3800DDF070 /* SceneDelegate.swift in Sources */ = {isa = PBXBuildFile; fileRef = 89A97AE224893A3800DDF070 /* SceneDelegate.swift */; };
		89A97AE524893A3800DDF070 /* ViewController.swift in Sources */ = {isa = PBXBuildFile; fileRef = 89A97AE424893A3800DDF070 /* ViewController.swift */; };
		89A97AE824893A3800DDF070 /* Main.storyboard in Resources */ = {isa = PBXBuildFile; fileRef = 89A97AE624893A3800DDF070 /* Main.storyboard */; };
		89A97AEB24893A3800DDF070 /* LBTA_Firebase.xcdatamodeld in Sources */ = {isa = PBXBuildFile; fileRef = 89A97AE924893A3800DDF070 /* LBTA_Firebase.xcdatamodeld */; };
		89A97AED24893A3A00DDF070 /* Assets.xcassets in Resources */ = {isa = PBXBuildFile; fileRef = 89A97AEC24893A3A00DDF070 /* Assets.xcassets */; };
		89A97AF024893A3A00DDF070 /* LaunchScreen.storyboard in Resources */ = {isa = PBXBuildFile; fileRef = 89A97AEE24893A3A00DDF070 /* LaunchScreen.storyboard */; };
		89A97AFB24893A3A00DDF070 /* LBTA_FirebaseTests.swift in Sources */ = {isa = PBXBuildFile; fileRef = 89A97AFA24893A3A00DDF070 /* LBTA_FirebaseTests.swift */; };
		89A97B0624893A3A00DDF070 /* LBTA_FirebaseUITests.swift in Sources */ = {isa = PBXBuildFile; fileRef = 89A97B0524893A3A00DDF070 /* LBTA_FirebaseUITests.swift */; };
/* End PBXBuildFile section */

/* Begin PBXContainerItemProxy section */
		89A97AF724893A3A00DDF070 /* PBXContainerItemProxy */ = {
			isa = PBXContainerItemProxy;
			containerPortal = 89A97AD524893A3800DDF070 /* Project object */;
			proxyType = 1;
			remoteGlobalIDString = 89A97ADC24893A3800DDF070;
			remoteInfo = "LBTA-Firebase";
		};
		89A97B0224893A3A00DDF070 /* PBXContainerItemProxy */ = {
			isa = PBXContainerItemProxy;
			containerPortal = 89A97AD524893A3800DDF070 /* Project object */;
			proxyType = 1;
			remoteGlobalIDString = 89A97ADC24893A3800DDF070;
			remoteInfo = "LBTA-Firebase";
		};
/* End PBXContainerItemProxy section */

/* Begin PBXFileReference section */
		89A97ADD24893A3800DDF070 /* LBTA-Firebase.app */ = {isa = PBXFileReference; explicitFileType = wrapper.application; includeInIndex = 0; path = "LBTA-Firebase.app"; sourceTree = BUILT_PRODUCTS_DIR; };
		89A97AE024893A3800DDF070 /* AppDelegate.swift */ = {isa = PBXFileReference; lastKnownFileType = sourcecode.swift; path = AppDelegate.swift; sourceTree = "<group>"; };
		89A97AE224893A3800DDF070 /* SceneDelegate.swift */ = {isa = PBXFileReference; lastKnownFileType = sourcecode.swift; path = SceneDelegate.swift; sourceTree = "<group>"; };
		89A97AE424893A3800DDF070 /* ViewController.swift */ = {isa = PBXFileReference; lastKnownFileType = sourcecode.swift; path = ViewController.swift; sourceTree = "<group>"; };
		89A97AE724893A3800DDF070 /* Base */ = {isa = PBXFileReference; lastKnownFileType = file.storyboard; name = Base; path = Base.lproj/Main.storyboard; sourceTree = "<group>"; };
		89A97AEA24893A3800DDF070 /* LBTA_Firebase.xcdatamodel */ = {isa = PBXFileReference; lastKnownFileType = wrapper.xcdatamodel; path = LBTA_Firebase.xcdatamodel; sourceTree = "<group>"; };
		89A97AEC24893A3A00DDF070 /* Assets.xcassets */ = {isa = PBXFileReference; lastKnownFileType = folder.assetcatalog; path = Assets.xcassets; sourceTree = "<group>"; };
		89A97AEF24893A3A00DDF070 /* Base */ = {isa = PBXFileReference; lastKnownFileType = file.storyboard; name = Base; path = Base.lproj/LaunchScreen.storyboard; sourceTree = "<group>"; };
		89A97AF124893A3A00DDF070 /* Info.plist */ = {isa = PBXFileReference; lastKnownFileType = text.plist.xml; path = Info.plist; sourceTree = "<group>"; };
		89A97AF624893A3A00DDF070 /* LBTA-FirebaseTests.xctest */ = {isa = PBXFileReference; explicitFileType = wrapper.cfbundle; includeInIndex = 0; path = "LBTA-FirebaseTests.xctest"; sourceTree = BUILT_PRODUCTS_DIR; };
		89A97AFA24893A3A00DDF070 /* LBTA_FirebaseTests.swift */ = {isa = PBXFileReference; lastKnownFileType = sourcecode.swift; path = LBTA_FirebaseTests.swift; sourceTree = "<group>"; };
		89A97AFC24893A3A00DDF070 /* Info.plist */ = {isa = PBXFileReference; lastKnownFileType = text.plist.xml; path = Info.plist; sourceTree = "<group>"; };
		89A97B0124893A3A00DDF070 /* LBTA-FirebaseUITests.xctest */ = {isa = PBXFileReference; explicitFileType = wrapper.cfbundle; includeInIndex = 0; path = "LBTA-FirebaseUITests.xctest"; sourceTree = BUILT_PRODUCTS_DIR; };
		89A97B0524893A3A00DDF070 /* LBTA_FirebaseUITests.swift */ = {isa = PBXFileReference; lastKnownFileType = sourcecode.swift; path = LBTA_FirebaseUITests.swift; sourceTree = "<group>"; };
		89A97B0724893A3A00DDF070 /* Info.plist */ = {isa = PBXFileReference; lastKnownFileType = text.plist.xml; path = Info.plist; sourceTree = "<group>"; };
/* End PBXFileReference section */

/* Begin PBXFrameworksBuildPhase section */
		89A97ADA24893A3800DDF070 /* Frameworks */ = {
			isa = PBXFrameworksBuildPhase;
			buildActionMask = 2147483647;
			files = (
			);
			runOnlyForDeploymentPostprocessing = 0;
		};
		89A97AF324893A3A00DDF070 /* Frameworks */ = {
			isa = PBXFrameworksBuildPhase;
			buildActionMask = 2147483647;
			files = (
			);
			runOnlyForDeploymentPostprocessing = 0;
		};
		89A97AFE24893A3A00DDF070 /* Frameworks */ = {
			isa = PBXFrameworksBuildPhase;
			buildActionMask = 2147483647;
			files = (
			);
			runOnlyForDeploymentPostprocessing = 0;
		};
/* End PBXFrameworksBuildPhase section */

/* Begin PBXGroup section */
		89A97AD424893A3800DDF070 = {
			isa = PBXGroup;
			children = (
				89A97ADF24893A3800DDF070 /* LBTA-Firebase */,
				89A97AF924893A3A00DDF070 /* LBTA-FirebaseTests */,
				89A97B0424893A3A00DDF070 /* LBTA-FirebaseUITests */,
				89A97ADE24893A3800DDF070 /* Products */,
			);
			sourceTree = "<group>";
		};
		89A97ADE24893A3800DDF070 /* Products */ = {
			isa = PBXGroup;
			children = (
				89A97ADD24893A3800DDF070 /* LBTA-Firebase.app */,
				89A97AF624893A3A00DDF070 /* LBTA-FirebaseTests.xctest */,
				89A97B0124893A3A00DDF070 /* LBTA-FirebaseUITests.xctest */,
			);
			name = Products;
			sourceTree = "<group>";
		};
		89A97ADF24893A3800DDF070 /* LBTA-Firebase */ = {
			isa = PBXGroup;
			children = (
				89A97AE024893A3800DDF070 /* AppDelegate.swift */,
				89A97AE224893A3800DDF070 /* SceneDelegate.swift */,
				89A97AE424893A3800DDF070 /* ViewController.swift */,
				89A97AE624893A3800DDF070 /* Main.storyboard */,
				89A97AEC24893A3A00DDF070 /* Assets.xcassets */,
				89A97AEE24893A3A00DDF070 /* LaunchScreen.storyboard */,
				89A97AF124893A3A00DDF070 /* Info.plist */,
				89A97AE924893A3800DDF070 /* LBTA_Firebase.xcdatamodeld */,
			);
			path = "LBTA-Firebase";
			sourceTree = "<group>";
		};
		89A97AF924893A3A00DDF070 /* LBTA-FirebaseTests */ = {
			isa = PBXGroup;
			children = (
				89A97AFA24893A3A00DDF070 /* LBTA_FirebaseTests.swift */,
				89A97AFC24893A3A00DDF070 /* Info.plist */,
			);
			path = "LBTA-FirebaseTests";
			sourceTree = "<group>";
		};
		89A97B0424893A3A00DDF070 /* LBTA-FirebaseUITests */ = {
			isa = PBXGroup;
			children = (
				89A97B0524893A3A00DDF070 /* LBTA_FirebaseUITests.swift */,
				89A97B0724893A3A00DDF070 /* Info.plist */,
			);
			path = "LBTA-FirebaseUITests";
			sourceTree = "<group>";
		};
/* End PBXGroup section */

/* Begin PBXNativeTarget section */
		89A97ADC24893A3800DDF070 /* LBTA-Firebase */ = {
			isa = PBXNativeTarget;
			buildConfigurationList = 89A97B0A24893A3A00DDF070 /* Build configuration list for PBXNativeTarget "LBTA-Firebase" */;
			buildPhases = (
				89A97AD924893A3800DDF070 /* Sources */,
				89A97ADA24893A3800DDF070 /* Frameworks */,
				89A97ADB24893A3800DDF070 /* Resources */,
			);
			buildRules = (
			);
			dependencies = (
			);
			name = "LBTA-Firebase";
			productName = "LBTA-Firebase";
			productReference = 89A97ADD24893A3800DDF070 /* LBTA-Firebase.app */;
			productType = "com.apple.product-type.application";
		};
		89A97AF524893A3A00DDF070 /* LBTA-FirebaseTests */ = {
			isa = PBXNativeTarget;
			buildConfigurationList = 89A97B0D24893A3A00DDF070 /* Build configuration list for PBXNativeTarget "LBTA-FirebaseTests" */;
			buildPhases = (
				89A97AF224893A3A00DDF070 /* Sources */,
				89A97AF324893A3A00DDF070 /* Frameworks */,
				89A97AF424893A3A00DDF070 /* Resources */,
			);
			buildRules = (
			);
			dependencies = (
				89A97AF824893A3A00DDF070 /* PBXTargetDependency */,
			);
			name = "LBTA-FirebaseTests";
			productName = "LBTA-FirebaseTests";
			productReference = 89A97AF624893A3A00DDF070 /* LBTA-FirebaseTests.xctest */;
			productType = "com.apple.product-type.bundle.unit-test";
		};
		89A97B0024893A3A00DDF070 /* LBTA-FirebaseUITests */ = {
			isa = PBXNativeTarget;
			buildConfigurationList = 89A97B1024893A3A00DDF070 /* Build configuration list for PBXNativeTarget "LBTA-FirebaseUITests" */;
			buildPhases = (
				89A97AFD24893A3A00DDF070 /* Sources */,
				89A97AFE24893A3A00DDF070 /* Frameworks */,
				89A97AFF24893A3A00DDF070 /* Resources */,
			);
			buildRules = (
			);
			dependencies = (
				89A97B0324893A3A00DDF070 /* PBXTargetDependency */,
			);
			name = "LBTA-FirebaseUITests";
			productName = "LBTA-FirebaseUITests";
			productReference = 89A97B0124893A3A00DDF070 /* LBTA-FirebaseUITests.xctest */;
			productType = "com.apple.product-type.bundle.ui-testing";
		};
/* End PBXNativeTarget section */

/* Begin PBXProject section */
		89A97AD524893A3800DDF070 /* Project object */ = {
			isa = PBXProject;
			attributes = {
				LastSwiftUpdateCheck = 1150;
				LastUpgradeCheck = 1150;
				ORGANIZATIONNAME = NinjaTuna;
				TargetAttributes = {
					89A97ADC24893A3800DDF070 = {
						CreatedOnToolsVersion = 11.5;
					};
					89A97AF524893A3A00DDF070 = {
						CreatedOnToolsVersion = 11.5;
						TestTargetID = 89A97ADC24893A3800DDF070;
					};
					89A97B0024893A3A00DDF070 = {
						CreatedOnToolsVersion = 11.5;
						TestTargetID = 89A97ADC24893A3800DDF070;
					};
				};
			};
			buildConfigurationList = 89A97AD824893A3800DDF070 /* Build configuration list for PBXProject "LBTA-Firebase" */;
			compatibilityVersion = "Xcode 9.3";
			developmentRegion = en;
			hasScannedForEncodings = 0;
			knownRegions = (
				en,
				Base,
			);
			mainGroup = 89A97AD424893A3800DDF070;
			productRefGroup = 89A97ADE24893A3800DDF070 /* Products */;
			projectDirPath = "";
			projectRoot = "";
			targets = (
				89A97ADC24893A3800DDF070 /* LBTA-Firebase */,
				89A97AF524893A3A00DDF070 /* LBTA-FirebaseTests */,
				89A97B0024893A3A00DDF070 /* LBTA-FirebaseUITests */,
			);
		};
/* End PBXProject section */

/* Begin PBXResourcesBuildPhase section */
		89A97ADB24893A3800DDF070 /* Resources */ = {
			isa = PBXResourcesBuildPhase;
			buildActionMask = 2147483647;
			files = (
				89A97AF024893A3A00DDF070 /* LaunchScreen.storyboard in Resources */,
				89A97AED24893A3A00DDF070 /* Assets.xcassets in Resources */,
				89A97AE824893A3800DDF070 /* Main.storyboard in Resources */,
			);
			runOnlyForDeploymentPostprocessing = 0;
		};
		89A97AF424893A3A00DDF070 /* Resources */ = {
			isa = PBXResourcesBuildPhase;
			buildActionMask = 2147483647;
			files = (
			);
			runOnlyForDeploymentPostprocessing = 0;
		};
		89A97AFF24893A3A00DDF070 /* Resources */ = {
			isa = PBXResourcesBuildPhase;
			buildActionMask = 2147483647;
			files = (
			);
			runOnlyForDeploymentPostprocessing = 0;
		};
/* End PBXResourcesBuildPhase section */

/* Begin PBXSourcesBuildPhase section */
		89A97AD924893A3800DDF070 /* Sources */ = {
			isa = PBXSourcesBuildPhase;
			buildActionMask = 2147483647;
			files = (
				89A97AE524893A3800DDF070 /* ViewController.swift in Sources */,
				89A97AEB24893A3800DDF070 /* LBTA_Firebase.xcdatamodeld in Sources */,
				89A97AE124893A3800DDF070 /* AppDelegate.swift in Sources */,
				89A97AE324893A3800DDF070 /* SceneDelegate.swift in Sources */,
			);
			runOnlyForDeploymentPostprocessing = 0;
		};
		89A97AF224893A3A00DDF070 /* Sources */ = {
			isa = PBXSourcesBuildPhase;
			buildActionMask = 2147483647;
			files = (
				89A97AFB24893A3A00DDF070 /* LBTA_FirebaseTests.swift in Sources */,
			);
			runOnlyForDeploymentPostprocessing = 0;
		};
		89A97AFD24893A3A00DDF070 /* Sources */ = {
			isa = PBXSourcesBuildPhase;
			buildActionMask = 2147483647;
			files = (
				89A97B0624893A3A00DDF070 /* LBTA_FirebaseUITests.swift in Sources */,
			);
			runOnlyForDeploymentPostprocessing = 0;
		};
/* End PBXSourcesBuildPhase section */

/* Begin PBXTargetDependency section */
		89A97AF824893A3A00DDF070 /* PBXTargetDependency */ = {
			isa = PBXTargetDependency;
			target = 89A97ADC24893A3800DDF070 /* LBTA-Firebase */;
			targetProxy = 89A97AF724893A3A00DDF070 /* PBXContainerItemProxy */;
		};
		89A97B0324893A3A00DDF070 /* PBXTargetDependency */ = {
			isa = PBXTargetDependency;
			target = 89A97ADC24893A3800DDF070 /* LBTA-Firebase */;
			targetProxy = 89A97B0224893A3A00DDF070 /* PBXContainerItemProxy */;
		};
/* End PBXTargetDependency section */

/* Begin PBXVariantGroup section */
		89A97AE624893A3800DDF070 /* Main.storyboard */ = {
			isa = PBXVariantGroup;
			children = (
				89A97AE724893A3800DDF070 /* Base */,
			);
			name = Main.storyboard;
			sourceTree = "<group>";
		};
		89A97AEE24893A3A00DDF070 /* LaunchScreen.storyboard */ = {
			isa = PBXVariantGroup;
			children = (
				89A97AEF24893A3A00DDF070 /* Base */,
			);
			name = LaunchScreen.storyboard;
			sourceTree = "<group>";
		};
/* End PBXVariantGroup section */

/* Begin XCBuildConfiguration section */
		89A97B0824893A3A00DDF070 /* Debug */ = {
			isa = XCBuildConfiguration;
			buildSettings = {
				ALWAYS_SEARCH_USER_PATHS = NO;
				CLANG_ANALYZER_NONNULL = YES;
				CLANG_ANALYZER_NUMBER_OBJECT_CONVERSION = YES_AGGRESSIVE;
				CLANG_CXX_LANGUAGE_STANDARD = "gnu++14";
				CLANG_CXX_LIBRARY = "libc++";
				CLANG_ENABLE_MODULES = YES;
				CLANG_ENABLE_OBJC_ARC = YES;
				CLANG_ENABLE_OBJC_WEAK = YES;
				CLANG_WARN_BLOCK_CAPTURE_AUTORELEASING = YES;
				CLANG_WARN_BOOL_CONVERSION = YES;
				CLANG_WARN_COMMA = YES;
				CLANG_WARN_CONSTANT_CONVERSION = YES;
				CLANG_WARN_DEPRECATED_OBJC_IMPLEMENTATIONS = YES;
				CLANG_WARN_DIRECT_OBJC_ISA_USAGE = YES_ERROR;
				CLANG_WARN_DOCUMENTATION_COMMENTS = YES;
				CLANG_WARN_EMPTY_BODY = YES;
				CLANG_WARN_ENUM_CONVERSION = YES;
				CLANG_WARN_INFINITE_RECURSION = YES;
				CLANG_WARN_INT_CONVERSION = YES;
				CLANG_WARN_NON_LITERAL_NULL_CONVERSION = YES;
				CLANG_WARN_OBJC_IMPLICIT_RETAIN_SELF = YES;
				CLANG_WARN_OBJC_LITERAL_CONVERSION = YES;
				CLANG_WARN_OBJC_ROOT_CLASS = YES_ERROR;
				CLANG_WARN_RANGE_LOOP_ANALYSIS = YES;
				CLANG_WARN_STRICT_PROTOTYPES = YES;
				CLANG_WARN_SUSPICIOUS_MOVE = YES;
				CLANG_WARN_UNGUARDED_AVAILABILITY = YES_AGGRESSIVE;
				CLANG_WARN_UNREACHABLE_CODE = YES;
				CLANG_WARN__DUPLICATE_METHOD_MATCH = YES;
				COPY_PHASE_STRIP = NO;
				DEBUG_INFORMATION_FORMAT = dwarf;
				ENABLE_STRICT_OBJC_MSGSEND = YES;
				ENABLE_TESTABILITY = YES;
				GCC_C_LANGUAGE_STANDARD = gnu11;
				GCC_DYNAMIC_NO_PIC = NO;
				GCC_NO_COMMON_BLOCKS = YES;
				GCC_OPTIMIZATION_LEVEL = 0;
				GCC_PREPROCESSOR_DEFINITIONS = (
					"DEBUG=1",
					"$(inherited)",
				);
				GCC_WARN_64_TO_32_BIT_CONVERSION = YES;
				GCC_WARN_ABOUT_RETURN_TYPE = YES_ERROR;
				GCC_WARN_UNDECLARED_SELECTOR = YES;
				GCC_WARN_UNINITIALIZED_AUTOS = YES_AGGRESSIVE;
				GCC_WARN_UNUSED_FUNCTION = YES;
				GCC_WARN_UNUSED_VARIABLE = YES;
				IPHONEOS_DEPLOYMENT_TARGET = 13.5;
				MTL_ENABLE_DEBUG_INFO = INCLUDE_SOURCE;
				MTL_FAST_MATH = YES;
				ONLY_ACTIVE_ARCH = YES;
				SDKROOT = iphoneos;
				SWIFT_ACTIVE_COMPILATION_CONDITIONS = DEBUG;
				SWIFT_OPTIMIZATION_LEVEL = "-Onone";
			};
			name = Debug;
		};
		89A97B0924893A3A00DDF070 /* Release */ = {
			isa = XCBuildConfiguration;
			buildSettings = {
				ALWAYS_SEARCH_USER_PATHS = NO;
				CLANG_ANALYZER_NONNULL = YES;
				CLANG_ANALYZER_NUMBER_OBJECT_CONVERSION = YES_AGGRESSIVE;
				CLANG_CXX_LANGUAGE_STANDARD = "gnu++14";
				CLANG_CXX_LIBRARY = "libc++";
				CLANG_ENABLE_MODULES = YES;
				CLANG_ENABLE_OBJC_ARC = YES;
				CLANG_ENABLE_OBJC_WEAK = YES;
				CLANG_WARN_BLOCK_CAPTURE_AUTORELEASING = YES;
				CLANG_WARN_BOOL_CONVERSION = YES;
				CLANG_WARN_COMMA = YES;
				CLANG_WARN_CONSTANT_CONVERSION = YES;
				CLANG_WARN_DEPRECATED_OBJC_IMPLEMENTATIONS = YES;
				CLANG_WARN_DIRECT_OBJC_ISA_USAGE = YES_ERROR;
				CLANG_WARN_DOCUMENTATION_COMMENTS = YES;
				CLANG_WARN_EMPTY_BODY = YES;
				CLANG_WARN_ENUM_CONVERSION = YES;
				CLANG_WARN_INFINITE_RECURSION = YES;
				CLANG_WARN_INT_CONVERSION = YES;
				CLANG_WARN_NON_LITERAL_NULL_CONVERSION = YES;
				CLANG_WARN_OBJC_IMPLICIT_RETAIN_SELF = YES;
				CLANG_WARN_OBJC_LITERAL_CONVERSION = YES;
				CLANG_WARN_OBJC_ROOT_CLASS = YES_ERROR;
				CLANG_WARN_RANGE_LOOP_ANALYSIS = YES;
				CLANG_WARN_STRICT_PROTOTYPES = YES;
				CLANG_WARN_SUSPICIOUS_MOVE = YES;
				CLANG_WARN_UNGUARDED_AVAILABILITY = YES_AGGRESSIVE;
				CLANG_WARN_UNREACHABLE_CODE = YES;
				CLANG_WARN__DUPLICATE_METHOD_MATCH = YES;
				COPY_PHASE_STRIP = NO;
				DEBUG_INFORMATION_FORMAT = "dwarf-with-dsym";
				ENABLE_NS_ASSERTIONS = NO;
				ENABLE_STRICT_OBJC_MSGSEND = YES;
				GCC_C_LANGUAGE_STANDARD = gnu11;
				GCC_NO_COMMON_BLOCKS = YES;
				GCC_WARN_64_TO_32_BIT_CONVERSION = YES;
				GCC_WARN_ABOUT_RETURN_TYPE = YES_ERROR;
				GCC_WARN_UNDECLARED_SELECTOR = YES;
				GCC_WARN_UNINITIALIZED_AUTOS = YES_AGGRESSIVE;
				GCC_WARN_UNUSED_FUNCTION = YES;
				GCC_WARN_UNUSED_VARIABLE = YES;
				IPHONEOS_DEPLOYMENT_TARGET = 13.5;
				MTL_ENABLE_DEBUG_INFO = NO;
				MTL_FAST_MATH = YES;
				SDKROOT = iphoneos;
				SWIFT_COMPILATION_MODE = wholemodule;
				SWIFT_OPTIMIZATION_LEVEL = "-O";
				VALIDATE_PRODUCT = YES;
			};
			name = Release;
		};
		89A97B0B24893A3A00DDF070 /* Debug */ = {
			isa = XCBuildConfiguration;
			buildSettings = {
				ASSETCATALOG_COMPILER_APPICON_NAME = AppIcon;
				CODE_SIGN_STYLE = Automatic;
				DEVELOPMENT_TEAM = K2876PKKFH;
				INFOPLIST_FILE = "LBTA-Firebase/Info.plist";
				LD_RUNPATH_SEARCH_PATHS = (
					"$(inherited)",
					"@executable_path/Frameworks",
				);
				PRODUCT_BUNDLE_IDENTIFIER = "com.NinjaTuna.LBTA-Firebase";
				PRODUCT_NAME = "$(TARGET_NAME)";
				SWIFT_VERSION = 5.0;
				TARGETED_DEVICE_FAMILY = "1,2";
			};
			name = Debug;
		};
		89A97B0C24893A3A00DDF070 /* Release */ = {
			isa = XCBuildConfiguration;
			buildSettings = {
				ASSETCATALOG_COMPILER_APPICON_NAME = AppIcon;
				CODE_SIGN_STYLE = Automatic;
				DEVELOPMENT_TEAM = K2876PKKFH;
				INFOPLIST_FILE = "LBTA-Firebase/Info.plist";
				LD_RUNPATH_SEARCH_PATHS = (
					"$(inherited)",
					"@executable_path/Frameworks",
				);
				PRODUCT_BUNDLE_IDENTIFIER = "com.NinjaTuna.LBTA-Firebase";
				PRODUCT_NAME = "$(TARGET_NAME)";
				SWIFT_VERSION = 5.0;
				TARGETED_DEVICE_FAMILY = "1,2";
			};
			name = Release;
		};
		89A97B0E24893A3A00DDF070 /* Debug */ = {
			isa = XCBuildConfiguration;
			buildSettings = {
				ALWAYS_EMBED_SWIFT_STANDARD_LIBRARIES = YES;
				BUNDLE_LOADER = "$(TEST_HOST)";
				CODE_SIGN_STYLE = Automatic;
				DEVELOPMENT_TEAM = K2876PKKFH;
				INFOPLIST_FILE = "LBTA-FirebaseTests/Info.plist";
				IPHONEOS_DEPLOYMENT_TARGET = 13.5;
				LD_RUNPATH_SEARCH_PATHS = (
					"$(inherited)",
					"@executable_path/Frameworks",
					"@loader_path/Frameworks",
				);
				PRODUCT_BUNDLE_IDENTIFIER = "com.NinjaTuna.LBTA-FirebaseTests";
				PRODUCT_NAME = "$(TARGET_NAME)";
				SWIFT_VERSION = 5.0;
				TARGETED_DEVICE_FAMILY = "1,2";
				TEST_HOST = "$(BUILT_PRODUCTS_DIR)/LBTA-Firebase.app/LBTA-Firebase";
			};
			name = Debug;
		};
		89A97B0F24893A3A00DDF070 /* Release */ = {
			isa = XCBuildConfiguration;
			buildSettings = {
				ALWAYS_EMBED_SWIFT_STANDARD_LIBRARIES = YES;
				BUNDLE_LOADER = "$(TEST_HOST)";
				CODE_SIGN_STYLE = Automatic;
				DEVELOPMENT_TEAM = K2876PKKFH;
				INFOPLIST_FILE = "LBTA-FirebaseTests/Info.plist";
				IPHONEOS_DEPLOYMENT_TARGET = 13.5;
				LD_RUNPATH_SEARCH_PATHS = (
					"$(inherited)",
					"@executable_path/Frameworks",
					"@loader_path/Frameworks",
				);
				PRODUCT_BUNDLE_IDENTIFIER = "com.NinjaTuna.LBTA-FirebaseTests";
				PRODUCT_NAME = "$(TARGET_NAME)";
				SWIFT_VERSION = 5.0;
				TARGETED_DEVICE_FAMILY = "1,2";
				TEST_HOST = "$(BUILT_PRODUCTS_DIR)/LBTA-Firebase.app/LBTA-Firebase";
			};
			name = Release;
		};
		89A97B1124893A3A00DDF070 /* Debug */ = {
			isa = XCBuildConfiguration;
			buildSettings = {
				ALWAYS_EMBED_SWIFT_STANDARD_LIBRARIES = YES;
				CODE_SIGN_STYLE = Automatic;
				DEVELOPMENT_TEAM = K2876PKKFH;
				INFOPLIST_FILE = "LBTA-FirebaseUITests/Info.plist";
				LD_RUNPATH_SEARCH_PATHS = (
					"$(inherited)",
					"@executable_path/Frameworks",
					"@loader_path/Frameworks",
				);
				PRODUCT_BUNDLE_IDENTIFIER = "com.NinjaTuna.LBTA-FirebaseUITests";
				PRODUCT_NAME = "$(TARGET_NAME)";
				SWIFT_VERSION = 5.0;
				TARGETED_DEVICE_FAMILY = "1,2";
				TEST_TARGET_NAME = "LBTA-Firebase";
			};
			name = Debug;
		};
		89A97B1224893A3A00DDF070 /* Release */ = {
			isa = XCBuildConfiguration;
			buildSettings = {
				ALWAYS_EMBED_SWIFT_STANDARD_LIBRARIES = YES;
				CODE_SIGN_STYLE = Automatic;
				DEVELOPMENT_TEAM = K2876PKKFH;
				INFOPLIST_FILE = "LBTA-FirebaseUITests/Info.plist";
				LD_RUNPATH_SEARCH_PATHS = (
					"$(inherited)",
					"@executable_path/Frameworks",
					"@loader_path/Frameworks",
				);
				PRODUCT_BUNDLE_IDENTIFIER = "com.NinjaTuna.LBTA-FirebaseUITests";
				PRODUCT_NAME = "$(TARGET_NAME)";
				SWIFT_VERSION = 5.0;
				TARGETED_DEVICE_FAMILY = "1,2";
				TEST_TARGET_NAME = "LBTA-Firebase";
			};
			name = Release;
		};
/* End XCBuildConfiguration section */

/* Begin XCConfigurationList section */
		89A97AD824893A3800DDF070 /* Build configuration list for PBXProject "LBTA-Firebase" */ = {
			isa = XCConfigurationList;
			buildConfigurations = (
				89A97B0824893A3A00DDF070 /* Debug */,
				89A97B0924893A3A00DDF070 /* Release */,
			);
			defaultConfigurationIsVisible = 0;
			defaultConfigurationName = Release;
		};
		89A97B0A24893A3A00DDF070 /* Build configuration list for PBXNativeTarget "LBTA-Firebase" */ = {
			isa = XCConfigurationList;
			buildConfigurations = (
				89A97B0B24893A3A00DDF070 /* Debug */,
				89A97B0C24893A3A00DDF070 /* Release */,
			);
			defaultConfigurationIsVisible = 0;
			defaultConfigurationName = Release;
		};
		89A97B0D24893A3A00DDF070 /* Build configuration list for PBXNativeTarget "LBTA-FirebaseTests" */ = {
			isa = XCConfigurationList;
			buildConfigurations = (
				89A97B0E24893A3A00DDF070 /* Debug */,
				89A97B0F24893A3A00DDF070 /* Release */,
			);
			defaultConfigurationIsVisible = 0;
			defaultConfigurationName = Release;
		};
		89A97B1024893A3A00DDF070 /* Build configuration list for PBXNativeTarget "LBTA-FirebaseUITests" */ = {
			isa = XCConfigurationList;
			buildConfigurations = (
				89A97B1124893A3A00DDF070 /* Debug */,
				89A97B1224893A3A00DDF070 /* Release */,
			);
			defaultConfigurationIsVisible = 0;
			defaultConfigurationName = Release;
		};
/* End XCConfigurationList section */

/* Begin XCVersionGroup section */
		89A97AE924893A3800DDF070 /* LBTA_Firebase.xcdatamodeld */ = {
			isa = XCVersionGroup;
			children = (
				89A97AEA24893A3800DDF070 /* LBTA_Firebase.xcdatamodel */,
			);
			currentVersion = 89A97AEA24893A3800DDF070 /* LBTA_Firebase.xcdatamodel */;
			path = LBTA_Firebase.xcdatamodeld;
			sourceTree = "<group>";
			versionGroupType = wrapper.xcdatamodel;
		};
/* End XCVersionGroup section */
	};
	rootObject = 89A97AD524893A3800DDF070 /* Project object */;
}
